// !$*UTF8*$!
{
	archiveVersion = 1;
	classes = {
	};
	objectVersion = 46;
	objects = {

/* Begin PBXBuildFile section */
		A21B27811F4DDDA30071167D /* AppDelegate.swift in Sources */ = {isa = PBXBuildFile; fileRef = A21B27801F4DDDA30071167D /* AppDelegate.swift */; };
		A21B27831F4DDDA30071167D /* ViewController.swift in Sources */ = {isa = PBXBuildFile; fileRef = A21B27821F4DDDA30071167D /* ViewController.swift */; };
		A21B27861F4DDDA30071167D /* Main.storyboard in Resources */ = {isa = PBXBuildFile; fileRef = A21B27841F4DDDA30071167D /* Main.storyboard */; };
		A21B27881F4DDDA30071167D /* Assets.xcassets in Resources */ = {isa = PBXBuildFile; fileRef = A21B27871F4DDDA30071167D /* Assets.xcassets */; };
		A21B278B1F4DDDA30071167D /* LaunchScreen.storyboard in Resources */ = {isa = PBXBuildFile; fileRef = A21B27891F4DDDA30071167D /* LaunchScreen.storyboard */; };
		A21B27971F4DDDD90071167D /* KKHint.swift in Sources */ = {isa = PBXBuildFile; fileRef = A21B27931F4DDDD90071167D /* KKHint.swift */; };
		A21B27981F4DDDD90071167D /* KKHintView.swift in Sources */ = {isa = PBXBuildFile; fileRef = A21B27941F4DDDD90071167D /* KKHintView.swift */; };
		A21B27991F4DDDD90071167D /* resource.bundle in Resources */ = {isa = PBXBuildFile; fileRef = A21B27951F4DDDD90071167D /* resource.bundle */; };
		A21B279A1F4DDDD90071167D /* UIViewHintExtension.swift in Sources */ = {isa = PBXBuildFile; fileRef = A21B27961F4DDDD90071167D /* UIViewHintExtension.swift */; };
/* End PBXBuildFile section */

/* Begin PBXFileReference section */
		A21B277D1F4DDDA30071167D /* KKHint.app */ = {isa = PBXFileReference; explicitFileType = wrapper.application; includeInIndex = 0; path = KKHint.app; sourceTree = BUILT_PRODUCTS_DIR; };
		A21B27801F4DDDA30071167D /* AppDelegate.swift */ = {isa = PBXFileReference; lastKnownFileType = sourcecode.swift; path = AppDelegate.swift; sourceTree = "<group>"; };
		A21B27821F4DDDA30071167D /* ViewController.swift */ = {isa = PBXFileReference; lastKnownFileType = sourcecode.swift; path = ViewController.swift; sourceTree = "<group>"; };
		A21B27851F4DDDA30071167D /* Base */ = {isa = PBXFileReference; lastKnownFileType = file.storyboard; name = Base; path = Base.lproj/Main.storyboard; sourceTree = "<group>"; };
		A21B27871F4DDDA30071167D /* Assets.xcassets */ = {isa = PBXFileReference; lastKnownFileType = folder.assetcatalog; path = Assets.xcassets; sourceTree = "<group>"; };
		A21B278A1F4DDDA30071167D /* Base */ = {isa = PBXFileReference; lastKnownFileType = file.storyboard; name = Base; path = Base.lproj/LaunchScreen.storyboard; sourceTree = "<group>"; };
		A21B278C1F4DDDA30071167D /* Info.plist */ = {isa = PBXFileReference; lastKnownFileType = text.plist.xml; path = Info.plist; sourceTree = "<group>"; };
		A21B27931F4DDDD90071167D /* KKHint.swift */ = {isa = PBXFileReference; fileEncoding = 4; lastKnownFileType = sourcecode.swift; path = KKHint.swift; sourceTree = "<group>"; };
		A21B27941F4DDDD90071167D /* KKHintView.swift */ = {isa = PBXFileReference; fileEncoding = 4; lastKnownFileType = sourcecode.swift; path = KKHintView.swift; sourceTree = "<group>"; };
		A21B27951F4DDDD90071167D /* resource.bundle */ = {isa = PBXFileReference; lastKnownFileType = "wrapper.plug-in"; path = resource.bundle; sourceTree = "<group>"; };
		A21B27961F4DDDD90071167D /* UIViewHintExtension.swift */ = {isa = PBXFileReference; fileEncoding = 4; lastKnownFileType = sourcecode.swift; path = UIViewHintExtension.swift; sourceTree = "<group>"; };
/* End PBXFileReference section */

/* Begin PBXFrameworksBuildPhase section */
		A21B277A1F4DDDA30071167D /* Frameworks */ = {
			isa = PBXFrameworksBuildPhase;
			buildActionMask = 2147483647;
			files = (
			);
			runOnlyForDeploymentPostprocessing = 0;
		};
/* End PBXFrameworksBuildPhase section */

/* Begin PBXGroup section */
		A21B27741F4DDDA30071167D = {
			isa = PBXGroup;
			children = (
				A21B277F1F4DDDA30071167D /* KKHint */,
				A21B277E1F4DDDA30071167D /* Products */,
			);
			sourceTree = "<group>";
		};
		A21B277E1F4DDDA30071167D /* Products */ = {
			isa = PBXGroup;
			children = (
				A21B277D1F4DDDA30071167D /* KKHint.app */,
			);
			name = Products;
			sourceTree = "<group>";
		};
		A21B277F1F4DDDA30071167D /* KKHint */ = {
			isa = PBXGroup;
			children = (
				A21B27921F4DDDD90071167D /* KKHint */,
				A21B27801F4DDDA30071167D /* AppDelegate.swift */,
				A21B27821F4DDDA30071167D /* ViewController.swift */,
				A21B27841F4DDDA30071167D /* Main.storyboard */,
				A21B27871F4DDDA30071167D /* Assets.xcassets */,
				A21B27891F4DDDA30071167D /* LaunchScreen.storyboard */,
				A21B278C1F4DDDA30071167D /* Info.plist */,
			);
			path = KKHint;
			sourceTree = "<group>";
		};
		A21B27921F4DDDD90071167D /* KKHint */ = {
			isa = PBXGroup;
			children = (
				A21B27931F4DDDD90071167D /* KKHint.swift */,
				A21B27941F4DDDD90071167D /* KKHintView.swift */,
				A21B27951F4DDDD90071167D /* resource.bundle */,
				A21B27961F4DDDD90071167D /* UIViewHintExtension.swift */,
			);
			path = KKHint;
			sourceTree = "<group>";
		};
/* End PBXGroup section */

/* Begin PBXNativeTarget section */
		A21B277C1F4DDDA30071167D /* KKHint */ = {
			isa = PBXNativeTarget;
			buildConfigurationList = A21B278F1F4DDDA30071167D /* Build configuration list for PBXNativeTarget "KKHint" */;
			buildPhases = (
				A21B27791F4DDDA30071167D /* Sources */,
				A21B277A1F4DDDA30071167D /* Frameworks */,
				A21B277B1F4DDDA30071167D /* Resources */,
			);
			buildRules = (
			);
			dependencies = (
			);
			name = KKHint;
			productName = KKHint;
			productReference = A21B277D1F4DDDA30071167D /* KKHint.app */;
			productType = "com.apple.product-type.application";
		};
/* End PBXNativeTarget section */

/* Begin PBXProject section */
		A21B27751F4DDDA30071167D /* Project object */ = {
			isa = PBXProject;
			attributes = {
				LastSwiftUpdateCheck = 0820;
				LastUpgradeCheck = 0820;
				ORGANIZATIONNAME = king;
				TargetAttributes = {
					A21B277C1F4DDDA30071167D = {
						CreatedOnToolsVersion = 8.2;
						ProvisioningStyle = Automatic;
					};
				};
			};
			buildConfigurationList = A21B27781F4DDDA30071167D /* Build configuration list for PBXProject "KKHint" */;
			compatibilityVersion = "Xcode 3.2";
			developmentRegion = English;
			hasScannedForEncodings = 0;
			knownRegions = (
				English,
				en,
				Base,
			);
			mainGroup = A21B27741F4DDDA30071167D;
			productRefGroup = A21B277E1F4DDDA30071167D /* Products */;
			projectDirPath = "";
			projectRoot = "";
			targets = (
				A21B277C1F4DDDA30071167D /* KKHint */,
			);
		};
/* End PBXProject section */

/* Begin PBXResourcesBuildPhase section */
		A21B277B1F4DDDA30071167D /* Resources */ = {
			isa = PBXResourcesBuildPhase;
			buildActionMask = 2147483647;
			files = (
				A21B278B1F4DDDA30071167D /* LaunchScreen.storyboard in Resources */,
				A21B27991F4DDDD90071167D /* resource.bundle in Resources */,
				A21B27881F4DDDA30071167D /* Assets.xcassets in Resources */,
				A21B27861F4DDDA30071167D /* Main.storyboard in Resources */,
			);
			runOnlyForDeploymentPostprocessing = 0;
		};
/* End PBXResourcesBuildPhase section */

/* Begin PBXSourcesBuildPhase section */
		A21B27791F4DDDA30071167D /* Sources */ = {
			isa = PBXSourcesBuildPhase;
			buildActionMask = 2147483647;
			files = (
				A21B27831F4DDDA30071167D /* ViewController.swift in Sources */,
				A21B27971F4DDDD90071167D /* KKHint.swift in Sources */,
				A21B27811F4DDDA30071167D /* AppDelegate.swift in Sources */,
				A21B27981F4DDDD90071167D /* KKHintView.swift in Sources */,
				A21B279A1F4DDDD90071167D /* UIViewHintExtension.swift in Sources */,
			);
			runOnlyForDeploymentPostprocessing = 0;
		};
/* End PBXSourcesBuildPhase section */

/* Begin PBXVariantGroup section */
		A21B27841F4DDDA30071167D /* Main.storyboard */ = {
			isa = PBXVariantGroup;
			children = (
				A21B27851F4DDDA30071167D /* Base */,
			);
			name = Main.storyboard;
			sourceTree = "<group>";
		};
		A21B27891F4DDDA30071167D /* LaunchScreen.storyboard */ = {
			isa = PBXVariantGroup;
			children = (
				A21B278A1F4DDDA30071167D /* Base */,
			);
			name = LaunchScreen.storyboard;
			sourceTree = "<group>";
		};
/* End PBXVariantGroup section */

/* Begin XCBuildConfiguration section */
		A21B278D1F4DDDA30071167D /* Debug */ = {
			isa = XCBuildConfiguration;
			buildSettings = {
				ALWAYS_SEARCH_USER_PATHS = NO;
				CLANG_ANALYZER_NONNULL = YES;
				CLANG_CXX_LANGUAGE_STANDARD = "gnu++0x";
				CLANG_CXX_LIBRARY = "libc++";
				CLANG_ENABLE_MODULES = YES;
				CLANG_ENABLE_OBJC_ARC = YES;
				CLANG_WARN_BOOL_CONVERSION = YES;
				CLANG_WARN_CONSTANT_CONVERSION = YES;
				CLANG_WARN_DIRECT_OBJC_ISA_USAGE = YES_ERROR;
				CLANG_WARN_DOCUMENTATION_COMMENTS = YES;
				CLANG_WARN_EMPTY_BODY = YES;
				CLANG_WARN_ENUM_CONVERSION = YES;
				CLANG_WARN_INFINITE_RECURSION = YES;
				CLANG_WARN_INT_CONVERSION = YES;
				CLANG_WARN_OBJC_ROOT_CLASS = YES_ERROR;
				CLANG_WARN_SUSPICIOUS_MOVE = YES;
				CLANG_WARN_UNREACHABLE_CODE = YES;
				CLANG_WARN__DUPLICATE_METHOD_MATCH = YES;
				"CODE_SIGN_IDENTITY[sdk=iphoneos*]" = "iPhone Developer";
				COPY_PHASE_STRIP = NO;
				DEBUG_INFORMATION_FORMAT = dwarf;
				ENABLE_STRICT_OBJC_MSGSEND = YES;
				ENABLE_TESTABILITY = YES;
				GCC_C_LANGUAGE_STANDARD = gnu99;
				GCC_DYNAMIC_NO_PIC = NO;
				GCC_NO_COMMON_BLOCKS = YES;
				GCC_OPTIMIZATION_LEVEL = 0;
				GCC_PREPROCESSOR_DEFINITIONS = (
					"DEBUG=1",
					"$(inherited)",
				);
				GCC_WARN_64_TO_32_BIT_CONVERSION = YES;
				GCC_WARN_ABOUT_RETURN_TYPE = YES_ERROR;
				GCC_WARN_UNDECLARED_SELECTOR = YES;
				GCC_WARN_UNINITIALIZED_AUTOS = YES_AGGRESSIVE;
				GCC_WARN_UNUSED_FUNCTION = YES;
				GCC_WARN_UNUSED_VARIABLE = YES;
				IPHONEOS_DEPLOYMENT_TARGET = 10.2;
				MTL_ENABLE_DEBUG_INFO = YES;
				ONLY_ACTIVE_ARCH = YES;
				SDKROOT = iphoneos;
				SWIFT_ACTIVE_COMPILATION_CONDITIONS = DEBUG;
				SWIFT_OPTIMIZATION_LEVEL = "-Onone";
			};
			name = Debug;
		};
		A21B278E1F4DDDA30071167D /* Release */ = {
			isa = XCBuildConfiguration;
			buildSettings = {
				ALWAYS_SEARCH_USER_PATHS = NO;
				CLANG_ANALYZER_NONNULL = YES;
				CLANG_CXX_LANGUAGE_STANDARD = "gnu++0x";
				CLANG_CXX_LIBRARY = "libc++";
				CLANG_ENABLE_MODULES = YES;
				CLANG_ENABLE_OBJC_ARC = YES;
				CLANG_WARN_BOOL_CONVERSION = YES;
				CLANG_WARN_CONSTANT_CONVERSION = YES;
				CLANG_WARN_DIRECT_OBJC_ISA_USAGE = YES_ERROR;
				CLANG_WARN_DOCUMENTATION_COMMENTS = YES;
				CLANG_WARN_EMPTY_BODY = YES;
				CLANG_WARN_ENUM_CONVERSION = YES;
				CLANG_WARN_INFINITE_RECURSION = YES;
				CLANG_WARN_INT_CONVERSION = YES;
				CLANG_WARN_OBJC_ROOT_CLASS = YES_ERROR;
				CLANG_WARN_SUSPICIOUS_MOVE = YES;
				CLANG_WARN_UNREACHABLE_CODE = YES;
				CLANG_WARN__DUPLICATE_METHOD_MATCH = YES;
				"CODE_SIGN_IDENTITY[sdk=iphoneos*]" = "iPhone Developer";
				COPY_PHASE_STRIP = NO;
				DEBUG_INFORMATION_FORMAT = "dwarf-with-dsym";
				ENABLE_NS_ASSERTIONS = NO;
				ENABLE_STRICT_OBJC_MSGSEND = YES;
				GCC_C_LANGUAGE_STANDARD = gnu99;
				GCC_NO_COMMON_BLOCKS = YES;
				GCC_WARN_64_TO_32_BIT_CONVERSION = YES;
				GCC_WARN_ABOUT_RETURN_TYPE = YES_ERROR;
				GCC_WARN_UNDECLARED_SELECTOR = YES;
				GCC_WARN_UNINITIALIZED_AUTOS = YES_AGGRESSIVE;
				GCC_WARN_UNUSED_FUNCTION = YES;
				GCC_WARN_UNUSED_VARIABLE = YES;
				IPHONEOS_DEPLOYMENT_TARGET = 10.2;
				MTL_ENABLE_DEBUG_INFO = NO;
				SDKROOT = iphoneos;
				SWIFT_OPTIMIZATION_LEVEL = "-Owholemodule";
				VALIDATE_PRODUCT = YES;
			};
			name = Release;
		};
		A21B27901F4DDDA30071167D /* Debug */ = {
			isa = XCBuildConfiguration;
			buildSettings = {
				ASSETCATALOG_COMPILER_APPICON_NAME = AppIcon;
				INFOPLIST_FILE = KKHint/Info.plist;
				LD_RUNPATH_SEARCH_PATHS = "$(inherited) @executable_path/Frameworks";
				PRODUCT_BUNDLE_IDENTIFIER = com.onety.KKHint;
				PRODUCT_NAME = "$(TARGET_NAME)";
				SWIFT_VERSION = 5.0;
			};
			name = Debug;
		};
		A21B27911F4DDDA30071167D /* Release */ = {
			isa = XCBuildConfiguration;
			buildSettings = {
				ASSETCATALOG_COMPILER_APPICON_NAME = AppIcon;
				INFOPLIST_FILE = KKHint/Info.plist;
				LD_RUNPATH_SEARCH_PATHS = "$(inherited) @executable_path/Frameworks";
				PRODUCT_BUNDLE_IDENTIFIER = com.onety.KKHint;
				PRODUCT_NAME = "$(TARGET_NAME)";
				SWIFT_VERSION = 5.0;
			};
			name = Release;
		};
/* End XCBuildConfiguration section */

/* Begin XCConfigurationList section */
		A21B27781F4DDDA30071167D /* Build configuration list for PBXProject "KKHint" */ = {
			isa = XCConfigurationList;
			buildConfigurations = (
				A21B278D1F4DDDA30071167D /* Debug */,
				A21B278E1F4DDDA30071167D /* Release */,
			);
			defaultConfigurationIsVisible = 0;
			defaultConfigurationName = Release;
		};
		A21B278F1F4DDDA30071167D /* Build configuration list for PBXNativeTarget "KKHint" */ = {
			isa = XCConfigurationList;
			buildConfigurations = (
				A21B27901F4DDDA30071167D /* Debug */,
				A21B27911F4DDDA30071167D /* Release */,
			);
			defaultConfigurationIsVisible = 0;
			defaultConfigurationName = Release;
		};
/* End XCConfigurationList section */
	};
	rootObject = A21B27751F4DDDA30071167D /* Project object */;
}
